
Microsoft Visual Studio Solution File, Format Version 12.00
# Visual Studio Version 16
VisualStudioVersion = 16.0.30114.105
MinimumVisualStudioVersion = 10.0.40219.1
Project("{FAE04EC0-301F-11D3-BF4B-00C04F79EFBC}") = "API", "API\API.csproj", "{D9369D71-2AE1-4371-B9A8-672A068C8A71}"
EndProject
Project("{FAE04EC0-301F-11D3-BF4B-00C04F79EFBC}") = "Entity", "Entity\Entity.csproj", "{8B1C4E0C-B73C-4553-A6E9-FC8A3FFC93F9}"
EndProject
Project("{FAE04EC0-301F-11D3-BF4B-00C04F79EFBC}") = "Infrastructure", "Infrastructure\Infrastructure.csproj", "{8B291E9E-240C-4ABD-9040-23EDC8769DA4}"
EndProject
Project("{FAE04EC0-301F-11D3-BF4B-00C04F79EFBC}") = "AwsS3", "AwsS3\AwsS3.csproj", "{00605D71-5AFD-4AD0-9DCF-988ED0F4CB10}"
EndProject
Global
	GlobalSection(SolutionConfigurationPlatforms) = preSolution
		Debug|Any CPU = Debug|Any CPU
		Release|Any CPU = Release|Any CPU
	EndGlobalSection
	GlobalSection(SolutionProperties) = preSolution
		HideSolutionNode = FALSE
	EndGlobalSection
	GlobalSection(ProjectConfigurationPlatforms) = postSolution
		{D9369D71-2AE1-4371-B9A8-672A068C8A71}.Debug|Any CPU.ActiveCfg = Debug|Any CPU
		{D9369D71-2AE1-4371-B9A8-672A068C8A71}.Debug|Any CPU.Build.0 = Debug|Any CPU
		{D9369D71-2AE1-4371-B9A8-672A068C8A71}.Release|Any CPU.ActiveCfg = Release|Any CPU
		{D9369D71-2AE1-4371-B9A8-672A068C8A71}.Release|Any CPU.Build.0 = Release|Any CPU
		{8B1C4E0C-B73C-4553-A6E9-FC8A3FFC93F9}.Debug|Any CPU.ActiveCfg = Debug|Any CPU
		{8B1C4E0C-B73C-4553-A6E9-FC8A3FFC93F9}.Debug|Any CPU.Build.0 = Debug|Any CPU
		{8B1C4E0C-B73C-4553-A6E9-FC8A3FFC93F9}.Release|Any CPU.ActiveCfg = Release|Any CPU
		{8B1C4E0C-B73C-4553-A6E9-FC8A3FFC93F9}.Release|Any CPU.Build.0 = Release|Any CPU
		{8B291E9E-240C-4ABD-9040-23EDC8769DA4}.Debug|Any CPU.ActiveCfg = Debug|Any CPU
		{8B291E9E-240C-4ABD-9040-23EDC8769DA4}.Debug|Any CPU.Build.0 = Debug|Any CPU
		{8B291E9E-240C-4ABD-9040-23EDC8769DA4}.Release|Any CPU.ActiveCfg = Release|Any CPU
		{8B291E9E-240C-4ABD-9040-23EDC8769DA4}.Release|Any CPU.Build.0 = Release|Any CPU
		{00605D71-5AFD-4AD0-9DCF-988ED0F4CB10}.Debug|Any CPU.ActiveCfg = Debug|Any CPU
		{00605D71-5AFD-4AD0-9DCF-988ED0F4CB10}.Debug|Any CPU.Build.0 = Debug|Any CPU
		{00605D71-5AFD-4AD0-9DCF-988ED0F4CB10}.Release|Any CPU.ActiveCfg = Release|Any CPU
		{00605D71-5AFD-4AD0-9DCF-988ED0F4CB10}.Release|Any CPU.Build.0 = Release|Any CPU
	EndGlobalSection
EndGlobal
